
Microsoft Visual Studio Solution File, Format Version 11.00
# Visual Studio 2010
Project("{FAE04EC0-301F-11D3-BF4B-00C04F79EFBC}") = "AR_Cat", "Assembly-CSharp.csproj", "{79B73B68-51BC-63E6-9AFC-AEA382FD6C6A}"
EndProject
Project("{FAE04EC0-301F-11D3-BF4B-00C04F79EFBC}") = "AR_Cat", "Assembly-CSharp-Editor.csproj", "{72BD5249-B58D-96D4-2E0B-E666F83A0B1D}"
EndProject
Global
	GlobalSection(SolutionConfigurationPlatforms) = preSolution
		Debug|Any CPU = Debug|Any CPU
		Release|Any CPU = Release|Any CPU
	EndGlobalSection
	GlobalSection(ProjectConfigurationPlatforms) = postSolution
		{79B73B68-51BC-63E6-9AFC-AEA382FD6C6A}.Debug|Any CPU.ActiveCfg = Debug|Any CPU
		{79B73B68-51BC-63E6-9AFC-AEA382FD6C6A}.Debug|Any CPU.Build.0 = Debug|Any CPU
		{79B73B68-51BC-63E6-9AFC-AEA382FD6C6A}.Release|Any CPU.ActiveCfg = Release|Any CPU
		{79B73B68-51BC-63E6-9AFC-AEA382FD6C6A}.Release|Any CPU.Build.0 = Release|Any CPU
		{72BD5249-B58D-96D4-2E0B-E666F83A0B1D}.Debug|Any CPU.ActiveCfg = Debug|Any CPU
		{72BD5249-B58D-96D4-2E0B-E666F83A0B1D}.Debug|Any CPU.Build.0 = Debug|Any CPU
		{72BD5249-B58D-96D4-2E0B-E666F83A0B1D}.Release|Any CPU.ActiveCfg = Release|Any CPU
		{72BD5249-B58D-96D4-2E0B-E666F83A0B1D}.Release|Any CPU.Build.0 = Release|Any CPU
	EndGlobalSection
	GlobalSection(SolutionProperties) = preSolution
		HideSolutionNode = FALSE
	EndGlobalSection
	GlobalSection(MonoDevelopProperties) = preSolution
		StartupItem = Assembly-CSharp.csproj
	EndGlobalSection
EndGlobal
